
Microsoft Visual Studio Solution File, Format Version 12.00
# Visual Studio Version 17
VisualStudioVersion = 17.11.35327.3
MinimumVisualStudioVersion = 10.0.40219.1
Project("{8BC9CEB8-8B4A-11D0-8D11-00A0C91BC942}") = "RogueLikeWorld", "RogueLikeWorld\RogueLikeWorld.vcxproj", "{F1B7A34E-29D0-43E1-BD87-6D398F0AF138}"
EndProject
Global
	GlobalSection(SolutionConfigurationPlatforms) = preSolution
		Debug|x64 = Debug|x64
		Debug|x86 = Debug|x86
		Release|x64 = Release|x64
		Release|x86 = Release|x86
	EndGlobalSection
	GlobalSection(ProjectConfigurationPlatforms) = postSolution
		{F1B7A34E-29D0-43E1-BD87-6D398F0AF138}.Debug|x64.ActiveCfg = Debug|x64
		{F1B7A34E-29D0-43E1-BD87-6D398F0AF138}.Debug|x64.Build.0 = Debug|x64
		{F1B7A34E-29D0-43E1-BD87-6D398F0AF138}.Debug|x86.ActiveCfg = Debug|Win32
		{F1B7A34E-29D0-43E1-BD87-6D398F0AF138}.Debug|x86.Build.0 = Debug|Win32
		{F1B7A34E-29D0-43E1-BD87-6D398F0AF138}.Release|x64.ActiveCfg = Release|x64
		{F1B7A34E-29D0-43E1-BD87-6D398F0AF138}.Release|x64.Build.0 = Release|x64
		{F1B7A34E-29D0-43E1-BD87-6D398F0AF138}.Release|x86.ActiveCfg = Release|Win32
		{F1B7A34E-29D0-43E1-BD87-6D398F0AF138}.Release|x86.Build.0 = Release|Win32
	EndGlobalSection
	GlobalSection(SolutionProperties) = preSolution
		HideSolutionNode = FALSE
	EndGlobalSection
	GlobalSection(ExtensibilityGlobals) = postSolution
		SolutionGuid = {11FE35E7-C99A-4D9E-BAE7-19547C4C12B3}
	EndGlobalSection
EndGlobal
